# Generated by AgileFlow. Do not edit by hand.
# Records the exact skill versions `agileflow sync` reproduces.
version: 1
resolved:
  babysitting-pr:
    source: "@agileflow/babysitting-pr"
    version: 1.1.0
    integrity: sha256-i1vHkiHH4plA9hMVDqmtmSVtMSMdoJYOVe7CGQpAJ1c=
    path: .agents/skills/babysitting-pr
    renderedHash: sha256-el7Y65laN0AZfR7QE/zZ0Q4Mgk9AeAbW8feoul8IouE=
    activation: auto
    ownership: managed
  checking-blast-radius:
    source: "@agileflow/checking-blast-radius"
    version: 1.0.0
    integrity: sha256-VyIb+9zFN1mOS1WY2E4T6rc2J7/b0WOri5tV7Cm+aN8=
    path: .agents/skills/checking-blast-radius
    renderedHash: sha256-h+dq+6dflCJ31j/hOJZhjLm42UMedxCt6CCe8V+4cAQ=
    activation: auto
    ownership: managed
  diagnosing-bugs:
    source: "@agileflow/diagnosing-bugs"
    version: 1.0.1
    integrity: sha256-AMseudDyfU0AMMUCFDZOYZ6biju2Ps1+tR1l1fssoeA=
    path: .agents/skills/diagnosing-bugs
    renderedHash: sha256-ypr9U3uYQtcdSVyuTdIelmvEuLdrIv4h5RqBFlnUYuk=
    activation: auto
    ownership: managed
  filing-pr:
    source: "@agileflow/filing-pr"
    version: 1.1.0
    integrity: sha256-rjUYTjDiLwxE/2XvKXT1PW348G/KWX2QuBtHq9Ad520=
    path: .agents/skills/filing-pr
    renderedHash: sha256-HpnPmoCuGNufXS2cK2es1JMZ3m1SsJZv27fVU6mFgmw=
    activation: auto
    ownership: managed
  interviewing-requirements:
    source: "@agileflow/interviewing-requirements"
    version: 1.0.1
    integrity: sha256-dRL60I9DLieiFMMOOvPFsv/NOwsqVH52BHMxwU/KKTQ=
    path: .agents/skills/interviewing-requirements
    renderedHash: sha256-OmJDJRC1jJrWuLpJfRGTaGeSd6j1KPT9CeSwNh6Snwc=
    activation: manual
    ownership: managed
  reviewing-changes:
    source: "@agileflow/reviewing-changes"
    version: 1.0.0
    integrity: sha256-RpTDg6JXFdPNAcf1Uy5oEShHD6q9ARqNX5oLhYO9N2Q=
    path: .agents/skills/reviewing-changes
    renderedHash: sha256-IWgvRBfx4HlTFORvtVP87A4Chn7EuieNdUdfjgNnfvQ=
    activation: auto
    ownership: managed
  verifying-changes:
    source: "@agileflow/verifying-changes"
    version: 1.0.0
    integrity: sha256-ZGbBDS/iApHbFbrAWvbLcPzJ+32YlFXxGzbs9XemgMY=
    path: .agents/skills/verifying-changes
    renderedHash: sha256-lXv04C/AoZfLaY0mwUMRSVrLgJO6Y8aA5tP8NvQ3rgQ=
    activation: auto
    ownership: managed
